// !$*UTF8*$!
{
	archiveVersion = 1;
	classes = {
	};
	objectVersion = 77;
	objects = {

/* Begin PBXBuildFile section */
		6B542EB32CFDA23A007877B6 /* Assets.xcassets in Resources */ = {isa = PBXBuildFile; fileRef = 6B542EA82CFDA23A007877B6 /* Assets.xcassets */; };
		6B542EB52CFDA23A007877B6 /* LaunchScreen.storyboard in Resources */ = {isa = PBXBuildFile; fileRef = 6B542EAB2CFDA23A007877B6 /* LaunchScreen.storyboard */; };
		6B542EB62CFDA23A007877B6 /* Root.storyboard in Resources */ = {isa = PBXBuildFile; fileRef = 6B542EAD2CFDA23A007877B6 /* Root.storyboard */; };
		6B542EB72CFDA23A007877B6 /* AppDelegate.swift in Sources */ = {isa = PBXBuildFile; fileRef = 6B542EA72CFDA23A007877B6 /* AppDelegate.swift */; };
		6B542EB82CFDA23A007877B6 /* SceneDelegate.swift in Sources */ = {isa = PBXBuildFile; fileRef = 6B542EAE2CFDA23A007877B6 /* SceneDelegate.swift */; };
		6B542EB92CFDA23A007877B6 /* Tailor.xcdatamodeld in Sources */ = {isa = PBXBuildFile; fileRef = 6B542EAF2CFDA23A007877B6 /* Tailor.xcdatamodeld */; };
		6B542EBA2CFDA23A007877B6 /* RootViewController.swift in Sources */ = {isa = PBXBuildFile; fileRef = 6B542EB02CFDA23A007877B6 /* RootViewController.swift */; };
		6B542EBF2CFDA83A007877B6 /* MenuViewController.xib in Resources */ = {isa = PBXBuildFile; fileRef = 6B542EBE2CFDA83A007877B6 /* MenuViewController.xib */; };
		6B542EC02CFDA83A007877B6 /* MenuViewController.swift in Sources */ = {isa = PBXBuildFile; fileRef = 6B542EBD2CFDA83A007877B6 /* MenuViewController.swift */; };
		6B542ED62CFDA8E5007877B6 /* UIView.swift in Sources */ = {isa = PBXBuildFile; fileRef = 6B542ED12CFDA8E5007877B6 /* UIView.swift */; };
		6B542ED72CFDA8E5007877B6 /* ViewController.swift in Sources */ = {isa = PBXBuildFile; fileRef = 6B542ED22CFDA8E5007877B6 /* ViewController.swift */; };
		6B542ED82CFDA8E5007877B6 /* Font.swift in Sources */ = {isa = PBXBuildFile; fileRef = 6B542EC72CFDA8E5007877B6 /* Font.swift */; };
		6B542ED92CFDA8E5007877B6 /* String.swift in Sources */ = {isa = PBXBuildFile; fileRef = 6B542ECF2CFDA8E5007877B6 /* String.swift */; };
		6B542EDA2CFDA8E5007877B6 /* CheckBoxButton.swift in Sources */ = {isa = PBXBuildFile; fileRef = 6B542EC42CFDA8E5007877B6 /* CheckBoxButton.swift */; };
		6B542EDB2CFDA8E5007877B6 /* PaddingTextField.swift in Sources */ = {isa = PBXBuildFile; fileRef = 6B542ECD2CFDA8E5007877B6 /* PaddingTextField.swift */; };
		6B542EDC2CFDA8E5007877B6 /* Double.swift in Sources */ = {isa = PBXBuildFile; fileRef = 6B542EC62CFDA8E5007877B6 /* Double.swift */; };
		6B542EDD2CFDA8E5007877B6 /* Date.swift in Sources */ = {isa = PBXBuildFile; fileRef = 6B542EC52CFDA8E5007877B6 /* Date.swift */; };
		6B542EDE2CFDA8E5007877B6 /* BaseButton.swift in Sources */ = {isa = PBXBuildFile; fileRef = 6B542EC22CFDA8E5007877B6 /* BaseButton.swift */; };
		6B542EDF2CFDA8E5007877B6 /* BaseTextField.swift in Sources */ = {isa = PBXBuildFile; fileRef = 6B542EC32CFDA8E5007877B6 /* BaseTextField.swift */; };
		6B542EE02CFDA8E5007877B6 /* UITextField.swift in Sources */ = {isa = PBXBuildFile; fileRef = 6B542ED02CFDA8E5007877B6 /* UITextField.swift */; };
		6B542EE12CFDA8E5007877B6 /* ShadowView.swift in Sources */ = {isa = PBXBuildFile; fileRef = 6B542ECE2CFDA8E5007877B6 /* ShadowView.swift */; };
		6B542EE22CFDA8E5007877B6 /* NumberTextField.swift in Sources */ = {isa = PBXBuildFile; fileRef = 6B542ECC2CFDA8E5007877B6 /* NumberTextField.swift */; };
		6B542EE52CFDA906007877B6 /* Jaldi-Regular.ttf in Resources */ = {isa = PBXBuildFile; fileRef = 6B542EE42CFDA906007877B6 /* Jaldi-Regular.ttf */; };
		6B542EE62CFDA906007877B6 /* Jaldi-Bold.ttf in Resources */ = {isa = PBXBuildFile; fileRef = 6B542EE32CFDA906007877B6 /* Jaldi-Bold.ttf */; };
		6B83AC622CFDADE40061FB37 /* PortfolioViewController.xib in Resources */ = {isa = PBXBuildFile; fileRef = 6B83AC612CFDADE40061FB37 /* PortfolioViewController.xib */; };
		6B83AC632CFDADE40061FB37 /* PortfolioViewController.swift in Sources */ = {isa = PBXBuildFile; fileRef = 6B83AC602CFDADE40061FB37 /* PortfolioViewController.swift */; };
		6B83AC662CFDADFD0061FB37 /* PortfolioModel.swift in Sources */ = {isa = PBXBuildFile; fileRef = 6B83AC652CFDADFD0061FB37 /* PortfolioModel.swift */; };
		6B83AC692CFDAE590061FB37 /* PortfolioViewModel.swift in Sources */ = {isa = PBXBuildFile; fileRef = 6B83AC682CFDAE590061FB37 /* PortfolioViewModel.swift */; };
		6B83AC6D2CFDAEA90061FB37 /* PortfolioCollectionViewCell.xib in Resources */ = {isa = PBXBuildFile; fileRef = 6B83AC6C2CFDAEA90061FB37 /* PortfolioCollectionViewCell.xib */; };
		6B83AC6E2CFDAEA90061FB37 /* PortfolioCollectionViewCell.swift in Sources */ = {isa = PBXBuildFile; fileRef = 6B83AC6B2CFDAEA90061FB37 /* PortfolioCollectionViewCell.swift */; };
		6B83AC732CFDD75E0061FB37 /* PortfolioFormViewController.xib in Resources */ = {isa = PBXBuildFile; fileRef = 6B83AC722CFDD75E0061FB37 /* PortfolioFormViewController.xib */; };
		6B83AC742CFDD75E0061FB37 /* PortfolioFormViewController.swift in Sources */ = {isa = PBXBuildFile; fileRef = 6B83AC712CFDD75E0061FB37 /* PortfolioFormViewController.swift */; };
		6B83AC782CFDDA0A0061FB37 /* PaddingTextView.swift in Sources */ = {isa = PBXBuildFile; fileRef = 6B83AC772CFDDA0A0061FB37 /* PaddingTextView.swift */; };
		6B83AC7B2CFDDDD20061FB37 /* PortfolioFormViewModel.swift in Sources */ = {isa = PBXBuildFile; fileRef = 6B83AC7A2CFDDDD10061FB37 /* PortfolioFormViewModel.swift */; };
		6B83AC7E2CFDDE050061FB37 /* CoreDataManager.swift in Sources */ = {isa = PBXBuildFile; fileRef = 6B83AC7D2CFDDE050061FB37 /* CoreDataManager.swift */; };
		F03A06F156D26B48BC2284BF /* Pods_Tailor.framework in Frameworks */ = {isa = PBXBuildFile; fileRef = 2AA14AE2D5FB27EBD12069BA /* Pods_Tailor.framework */; };
/* End PBXBuildFile section */

/* Begin PBXFileReference section */
		2AA14AE2D5FB27EBD12069BA /* Pods_Tailor.framework */ = {isa = PBXFileReference; explicitFileType = wrapper.framework; includeInIndex = 0; path = Pods_Tailor.framework; sourceTree = BUILT_PRODUCTS_DIR; };
		6B542E8C2CFDA229007877B6 /* Tailor.app */ = {isa = PBXFileReference; explicitFileType = wrapper.application; includeInIndex = 0; path = Tailor.app; sourceTree = BUILT_PRODUCTS_DIR; };
		6B542EA72CFDA23A007877B6 /* AppDelegate.swift */ = {isa = PBXFileReference; lastKnownFileType = sourcecode.swift; path = AppDelegate.swift; sourceTree = "<group>"; };
		6B542EA82CFDA23A007877B6 /* Assets.xcassets */ = {isa = PBXFileReference; lastKnownFileType = folder.assetcatalog; path = Assets.xcassets; sourceTree = "<group>"; };
		6B542EA92CFDA23A007877B6 /* Info.plist */ = {isa = PBXFileReference; lastKnownFileType = text.plist.xml; path = Info.plist; sourceTree = "<group>"; };
		6B542EAA2CFDA23A007877B6 /* Base */ = {isa = PBXFileReference; lastKnownFileType = file.storyboard; name = Base; path = Base.lproj/LaunchScreen.storyboard; sourceTree = "<group>"; };
		6B542EAC2CFDA23A007877B6 /* Base */ = {isa = PBXFileReference; lastKnownFileType = file.storyboard; name = Base; path = Base.lproj/Root.storyboard; sourceTree = "<group>"; };
		6B542EAE2CFDA23A007877B6 /* SceneDelegate.swift */ = {isa = PBXFileReference; lastKnownFileType = sourcecode.swift; path = SceneDelegate.swift; sourceTree = "<group>"; };
		6B542EB02CFDA23A007877B6 /* RootViewController.swift */ = {isa = PBXFileReference; lastKnownFileType = sourcecode.swift; path = RootViewController.swift; sourceTree = "<group>"; };
		6B542EB22CFDA23A007877B6 /* Tailor.xcdatamodel */ = {isa = PBXFileReference; lastKnownFileType = wrapper.xcdatamodel; path = Tailor.xcdatamodel; sourceTree = "<group>"; };
		6B542EBD2CFDA83A007877B6 /* MenuViewController.swift */ = {isa = PBXFileReference; lastKnownFileType = sourcecode.swift; path = MenuViewController.swift; sourceTree = "<group>"; };
		6B542EBE2CFDA83A007877B6 /* MenuViewController.xib */ = {isa = PBXFileReference; lastKnownFileType = file.xib; path = MenuViewController.xib; sourceTree = "<group>"; };
		6B542EC22CFDA8E5007877B6 /* BaseButton.swift */ = {isa = PBXFileReference; lastKnownFileType = sourcecode.swift; path = BaseButton.swift; sourceTree = "<group>"; };
		6B542EC32CFDA8E5007877B6 /* BaseTextField.swift */ = {isa = PBXFileReference; lastKnownFileType = sourcecode.swift; path = BaseTextField.swift; sourceTree = "<group>"; };
		6B542EC42CFDA8E5007877B6 /* CheckBoxButton.swift */ = {isa = PBXFileReference; lastKnownFileType = sourcecode.swift; path = CheckBoxButton.swift; sourceTree = "<group>"; };
		6B542EC52CFDA8E5007877B6 /* Date.swift */ = {isa = PBXFileReference; lastKnownFileType = sourcecode.swift; path = Date.swift; sourceTree = "<group>"; };
		6B542EC62CFDA8E5007877B6 /* Double.swift */ = {isa = PBXFileReference; lastKnownFileType = sourcecode.swift; path = Double.swift; sourceTree = "<group>"; };
		6B542EC72CFDA8E5007877B6 /* Font.swift */ = {isa = PBXFileReference; lastKnownFileType = sourcecode.swift; path = Font.swift; sourceTree = "<group>"; };
		6B542ECC2CFDA8E5007877B6 /* NumberTextField.swift */ = {isa = PBXFileReference; lastKnownFileType = sourcecode.swift; path = NumberTextField.swift; sourceTree = "<group>"; };
		6B542ECD2CFDA8E5007877B6 /* PaddingTextField.swift */ = {isa = PBXFileReference; lastKnownFileType = sourcecode.swift; path = PaddingTextField.swift; sourceTree = "<group>"; };
		6B542ECE2CFDA8E5007877B6 /* ShadowView.swift */ = {isa = PBXFileReference; lastKnownFileType = sourcecode.swift; path = ShadowView.swift; sourceTree = "<group>"; };
		6B542ECF2CFDA8E5007877B6 /* String.swift */ = {isa = PBXFileReference; lastKnownFileType = sourcecode.swift; path = String.swift; sourceTree = "<group>"; };
		6B542ED02CFDA8E5007877B6 /* UITextField.swift */ = {isa = PBXFileReference; lastKnownFileType = sourcecode.swift; path = UITextField.swift; sourceTree = "<group>"; };
		6B542ED12CFDA8E5007877B6 /* UIView.swift */ = {isa = PBXFileReference; lastKnownFileType = sourcecode.swift; path = UIView.swift; sourceTree = "<group>"; };
		6B542ED22CFDA8E5007877B6 /* ViewController.swift */ = {isa = PBXFileReference; lastKnownFileType = sourcecode.swift; path = ViewController.swift; sourceTree = "<group>"; };
		6B542EE32CFDA906007877B6 /* Jaldi-Bold.ttf */ = {isa = PBXFileReference; lastKnownFileType = file; path = "Jaldi-Bold.ttf"; sourceTree = "<group>"; };
		6B542EE42CFDA906007877B6 /* Jaldi-Regular.ttf */ = {isa = PBXFileReference; lastKnownFileType = file; path = "Jaldi-Regular.ttf"; sourceTree = "<group>"; };
		6B83AC602CFDADE40061FB37 /* PortfolioViewController.swift */ = {isa = PBXFileReference; lastKnownFileType = sourcecode.swift; path = PortfolioViewController.swift; sourceTree = "<group>"; };
		6B83AC612CFDADE40061FB37 /* PortfolioViewController.xib */ = {isa = PBXFileReference; lastKnownFileType = file.xib; path = PortfolioViewController.xib; sourceTree = "<group>"; };
		6B83AC652CFDADFD0061FB37 /* PortfolioModel.swift */ = {isa = PBXFileReference; lastKnownFileType = sourcecode.swift; path = PortfolioModel.swift; sourceTree = "<group>"; };
		6B83AC682CFDAE590061FB37 /* PortfolioViewModel.swift */ = {isa = PBXFileReference; lastKnownFileType = sourcecode.swift; path = PortfolioViewModel.swift; sourceTree = "<group>"; };
		6B83AC6B2CFDAEA90061FB37 /* PortfolioCollectionViewCell.swift */ = {isa = PBXFileReference; lastKnownFileType = sourcecode.swift; path = PortfolioCollectionViewCell.swift; sourceTree = "<group>"; };
		6B83AC6C2CFDAEA90061FB37 /* PortfolioCollectionViewCell.xib */ = {isa = PBXFileReference; lastKnownFileType = file.xib; path = PortfolioCollectionViewCell.xib; sourceTree = "<group>"; };
		6B83AC712CFDD75E0061FB37 /* PortfolioFormViewController.swift */ = {isa = PBXFileReference; lastKnownFileType = sourcecode.swift; path = PortfolioFormViewController.swift; sourceTree = "<group>"; };
		6B83AC722CFDD75E0061FB37 /* PortfolioFormViewController.xib */ = {isa = PBXFileReference; lastKnownFileType = file.xib; path = PortfolioFormViewController.xib; sourceTree = "<group>"; };
		6B83AC772CFDDA0A0061FB37 /* PaddingTextView.swift */ = {isa = PBXFileReference; lastKnownFileType = sourcecode.swift; path = PaddingTextView.swift; sourceTree = "<group>"; };
		6B83AC7A2CFDDDD10061FB37 /* PortfolioFormViewModel.swift */ = {isa = PBXFileReference; lastKnownFileType = sourcecode.swift; path = PortfolioFormViewModel.swift; sourceTree = "<group>"; };
		6B83AC7D2CFDDE050061FB37 /* CoreDataManager.swift */ = {isa = PBXFileReference; lastKnownFileType = sourcecode.swift; path = CoreDataManager.swift; sourceTree = "<group>"; };
		77F34EDF0ECBA4DE63DBCBEC /* Pods-Tailor.release.xcconfig */ = {isa = PBXFileReference; includeInIndex = 1; lastKnownFileType = text.xcconfig; name = "Pods-Tailor.release.xcconfig"; path = "Target Support Files/Pods-Tailor/Pods-Tailor.release.xcconfig"; sourceTree = "<group>"; };
		F206ED1462E4AFE145A908B0 /* Pods-Tailor.debug.xcconfig */ = {isa = PBXFileReference; includeInIndex = 1; lastKnownFileType = text.xcconfig; name = "Pods-Tailor.debug.xcconfig"; path = "Target Support Files/Pods-Tailor/Pods-Tailor.debug.xcconfig"; sourceTree = "<group>"; };
/* End PBXFileReference section */

/* Begin PBXFrameworksBuildPhase section */
		6B542E892CFDA229007877B6 /* Frameworks */ = {
			isa = PBXFrameworksBuildPhase;
			buildActionMask = 2147483647;
			files = (
				F03A06F156D26B48BC2284BF /* Pods_Tailor.framework in Frameworks */,
			);
			runOnlyForDeploymentPostprocessing = 0;
		};
/* End PBXFrameworksBuildPhase section */

/* Begin PBXGroup section */
		2EA94E68EAA33C15A81602E3 /* Pods */ = {
			isa = PBXGroup;
			children = (
				F206ED1462E4AFE145A908B0 /* Pods-Tailor.debug.xcconfig */,
				77F34EDF0ECBA4DE63DBCBEC /* Pods-Tailor.release.xcconfig */,
			);
			path = Pods;
			sourceTree = "<group>";
		};
		6B542E832CFDA229007877B6 = {
			isa = PBXGroup;
			children = (
				6B542EB12CFDA23A007877B6 /* Tailor */,
				6B542E8D2CFDA229007877B6 /* Products */,
				2EA94E68EAA33C15A81602E3 /* Pods */,
				DACE31A03A8215F1D4669EE6 /* Frameworks */,
			);
			sourceTree = "<group>";
		};
		6B542E8D2CFDA229007877B6 /* Products */ = {
			isa = PBXGroup;
			children = (
				6B542E8C2CFDA229007877B6 /* Tailor.app */,
			);
			name = Products;
			sourceTree = "<group>";
		};
		6B542EB12CFDA23A007877B6 /* Tailor */ = {
			isa = PBXGroup;
			children = (
				6B83AC6F2CFDD7400061FB37 /* PortfolioForm */,
				6B83AC5E2CFDADC50061FB37 /* Portfolio */,
				6B542EBC2CFDA827007877B6 /* Menu */,
				6B542EBB2CFDA284007877B6 /* Root */,
				6B83AC7C2CFDDDEC0061FB37 /* CoreData */,
				6B542EC12CFDA8A6007877B6 /* Extensions */,
				6B542EA72CFDA23A007877B6 /* AppDelegate.swift */,
				6B542EA82CFDA23A007877B6 /* Assets.xcassets */,
				6B542EA92CFDA23A007877B6 /* Info.plist */,
				6B542EAB2CFDA23A007877B6 /* LaunchScreen.storyboard */,
				6B542EAE2CFDA23A007877B6 /* SceneDelegate.swift */,
				6B542EAF2CFDA23A007877B6 /* Tailor.xcdatamodeld */,
			);
			path = Tailor;
			sourceTree = "<group>";
		};
		6B542EBB2CFDA284007877B6 /* Root */ = {
			isa = PBXGroup;
			children = (
				6B542EB02CFDA23A007877B6 /* RootViewController.swift */,
				6B542EAD2CFDA23A007877B6 /* Root.storyboard */,
			);
			path = Root;
			sourceTree = "<group>";
		};
		6B542EBC2CFDA827007877B6 /* Menu */ = {
			isa = PBXGroup;
			children = (
				6B542EBD2CFDA83A007877B6 /* MenuViewController.swift */,
				6B542EBE2CFDA83A007877B6 /* MenuViewController.xib */,
			);
			path = Menu;
			sourceTree = "<group>";
		};
		6B542EC12CFDA8A6007877B6 /* Extensions */ = {
			isa = PBXGroup;
			children = (
				6B542EC22CFDA8E5007877B6 /* BaseButton.swift */,
				6B542EC32CFDA8E5007877B6 /* BaseTextField.swift */,
				6B542EC42CFDA8E5007877B6 /* CheckBoxButton.swift */,
				6B542EC52CFDA8E5007877B6 /* Date.swift */,
				6B542EC62CFDA8E5007877B6 /* Double.swift */,
				6B542ECB2CFDA8E5007877B6 /* Font */,
				6B542ECC2CFDA8E5007877B6 /* NumberTextField.swift */,
				6B542ECD2CFDA8E5007877B6 /* PaddingTextField.swift */,
				6B542ECE2CFDA8E5007877B6 /* ShadowView.swift */,
				6B83AC772CFDDA0A0061FB37 /* PaddingTextView.swift */,
				6B542ECF2CFDA8E5007877B6 /* String.swift */,
				6B542ED02CFDA8E5007877B6 /* UITextField.swift */,
				6B542ED12CFDA8E5007877B6 /* UIView.swift */,
				6B542ED22CFDA8E5007877B6 /* ViewController.swift */,
			);
			path = Extensions;
			sourceTree = "<group>";
		};
		6B542ECB2CFDA8E5007877B6 /* Font */ = {
			isa = PBXGroup;
			children = (
				6B542EC72CFDA8E5007877B6 /* Font.swift */,
				6B542EE32CFDA906007877B6 /* Jaldi-Bold.ttf */,
				6B542EE42CFDA906007877B6 /* Jaldi-Regular.ttf */,
			);
			path = Font;
			sourceTree = "<group>";
		};
		6B83AC5E2CFDADC50061FB37 /* Portfolio */ = {
			isa = PBXGroup;
			children = (
				6B83AC6A2CFDAE950061FB37 /* Cell */,
				6B83AC672CFDAE490061FB37 /* ViewModel */,
				6B83AC642CFDADEE0061FB37 /* Model */,
				6B83AC5F2CFDADD60061FB37 /* View */,
			);
			path = Portfolio;
			sourceTree = "<group>";
		};
		6B83AC5F2CFDADD60061FB37 /* View */ = {
			isa = PBXGroup;
			children = (
				6B83AC602CFDADE40061FB37 /* PortfolioViewController.swift */,
				6B83AC612CFDADE40061FB37 /* PortfolioViewController.xib */,
			);
			path = View;
			sourceTree = "<group>";
		};
		6B83AC642CFDADEE0061FB37 /* Model */ = {
			isa = PBXGroup;
			children = (
				6B83AC652CFDADFD0061FB37 /* PortfolioModel.swift */,
			);
			path = Model;
			sourceTree = "<group>";
		};
		6B83AC672CFDAE490061FB37 /* ViewModel */ = {
			isa = PBXGroup;
			children = (
				6B83AC682CFDAE590061FB37 /* PortfolioViewModel.swift */,
			);
			path = ViewModel;
			sourceTree = "<group>";
		};
		6B83AC6A2CFDAE950061FB37 /* Cell */ = {
			isa = PBXGroup;
			children = (
				6B83AC6B2CFDAEA90061FB37 /* PortfolioCollectionViewCell.swift */,
				6B83AC6C2CFDAEA90061FB37 /* PortfolioCollectionViewCell.xib */,
			);
			path = Cell;
			sourceTree = "<group>";
		};
		6B83AC6F2CFDD7400061FB37 /* PortfolioForm */ = {
			isa = PBXGroup;
			children = (
				6B83AC792CFDDDBB0061FB37 /* ViewModel */,
				6B83AC702CFDD74C0061FB37 /* View */,
			);
			path = PortfolioForm;
			sourceTree = "<group>";
		};
		6B83AC702CFDD74C0061FB37 /* View */ = {
			isa = PBXGroup;
			children = (
				6B83AC712CFDD75E0061FB37 /* PortfolioFormViewController.swift */,
				6B83AC722CFDD75E0061FB37 /* PortfolioFormViewController.xib */,
			);
			path = View;
			sourceTree = "<group>";
		};
		6B83AC792CFDDDBB0061FB37 /* ViewModel */ = {
			isa = PBXGroup;
			children = (
				6B83AC7A2CFDDDD10061FB37 /* PortfolioFormViewModel.swift */,
			);
			path = ViewModel;
			sourceTree = "<group>";
		};
		6B83AC7C2CFDDDEC0061FB37 /* CoreData */ = {
			isa = PBXGroup;
			children = (
				6B83AC7D2CFDDE050061FB37 /* CoreDataManager.swift */,
			);
			path = CoreData;
			sourceTree = "<group>";
		};
		DACE31A03A8215F1D4669EE6 /* Frameworks */ = {
			isa = PBXGroup;
			children = (
				2AA14AE2D5FB27EBD12069BA /* Pods_Tailor.framework */,
			);
			name = Frameworks;
			sourceTree = "<group>";
		};
/* End PBXGroup section */

/* Begin PBXNativeTarget section */
		6B542E8B2CFDA229007877B6 /* Tailor */ = {
			isa = PBXNativeTarget;
			buildConfigurationList = 6B542EA22CFDA22B007877B6 /* Build configuration list for PBXNativeTarget "Tailor" */;
			buildPhases = (
				0CB32C7AA6A1095A07942BEF /* [CP] Check Pods Manifest.lock */,
				6B542E882CFDA229007877B6 /* Sources */,
				6B542E892CFDA229007877B6 /* Frameworks */,
				6B542E8A2CFDA229007877B6 /* Resources */,
				FAF4CC490D39ECA486E6B81D /* [CP] Embed Pods Frameworks */,
			);
			buildRules = (
			);
			dependencies = (
			);
			name = Tailor;
			productName = Tailor;
			productReference = 6B542E8C2CFDA229007877B6 /* Tailor.app */;
			productType = "com.apple.product-type.application";
		};
/* End PBXNativeTarget section */

/* Begin PBXProject section */
		6B542E842CFDA229007877B6 /* Project object */ = {
			isa = PBXProject;
			attributes = {
				BuildIndependentTargetsInParallel = 1;
				LastSwiftUpdateCheck = 1610;
				LastUpgradeCheck = 1610;
				TargetAttributes = {
					6B542E8B2CFDA229007877B6 = {
						CreatedOnToolsVersion = 16.1;
					};
				};
			};
			buildConfigurationList = 6B542E872CFDA229007877B6 /* Build configuration list for PBXProject "Tailor" */;
			developmentRegion = en;
			hasScannedForEncodings = 0;
			knownRegions = (
				en,
				Base,
			);
			mainGroup = 6B542E832CFDA229007877B6;
			minimizedProjectReferenceProxies = 1;
			preferredProjectObjectVersion = 77;
			productRefGroup = 6B542E8D2CFDA229007877B6 /* Products */;
			projectDirPath = "";
			projectRoot = "";
			targets = (
				6B542E8B2CFDA229007877B6 /* Tailor */,
			);
		};
/* End PBXProject section */

/* Begin PBXResourcesBuildPhase section */
		6B542E8A2CFDA229007877B6 /* Resources */ = {
			isa = PBXResourcesBuildPhase;
			buildActionMask = 2147483647;
			files = (
				6B542EB32CFDA23A007877B6 /* Assets.xcassets in Resources */,
				6B542EB52CFDA23A007877B6 /* LaunchScreen.storyboard in Resources */,
				6B542EB62CFDA23A007877B6 /* Root.storyboard in Resources */,
				6B542EBF2CFDA83A007877B6 /* MenuViewController.xib in Resources */,
				6B542EE52CFDA906007877B6 /* Jaldi-Regular.ttf in Resources */,
				6B83AC6D2CFDAEA90061FB37 /* PortfolioCollectionViewCell.xib in Resources */,
				6B83AC622CFDADE40061FB37 /* PortfolioViewController.xib in Resources */,
				6B83AC732CFDD75E0061FB37 /* PortfolioFormViewController.xib in Resources */,
				6B542EE62CFDA906007877B6 /* Jaldi-Bold.ttf in Resources */,
			);
			runOnlyForDeploymentPostprocessing = 0;
		};
/* End PBXResourcesBuildPhase section */

/* Begin PBXShellScriptBuildPhase section */
		0CB32C7AA6A1095A07942BEF /* [CP] Check Pods Manifest.lock */ = {
			isa = PBXShellScriptBuildPhase;
			buildActionMask = 2147483647;
			files = (
			);
			inputFileListPaths = (
			);
			inputPaths = (
				"${PODS_PODFILE_DIR_PATH}/Podfile.lock",
				"${PODS_ROOT}/Manifest.lock",
			);
			name = "[CP] Check Pods Manifest.lock";
			outputFileListPaths = (
			);
			outputPaths = (
				"$(DERIVED_FILE_DIR)/Pods-Tailor-checkManifestLockResult.txt",
			);
			runOnlyForDeploymentPostprocessing = 0;
			shellPath = /bin/sh;
			shellScript = "diff \"${PODS_PODFILE_DIR_PATH}/Podfile.lock\" \"${PODS_ROOT}/Manifest.lock\" > /dev/null\nif [ $? != 0 ] ; then\n    # print error to STDERR\n    echo \"error: The sandbox is not in sync with the Podfile.lock. Run 'pod install' or update your CocoaPods installation.\" >&2\n    exit 1\nfi\n# This output is used by Xcode 'outputs' to avoid re-running this script phase.\necho \"SUCCESS\" > \"${SCRIPT_OUTPUT_FILE_0}\"\n";
			showEnvVarsInLog = 0;
		};
		FAF4CC490D39ECA486E6B81D /* [CP] Embed Pods Frameworks */ = {
			isa = PBXShellScriptBuildPhase;
			buildActionMask = 2147483647;
			files = (
			);
			inputFileListPaths = (
				"${PODS_ROOT}/Target Support Files/Pods-Tailor/Pods-Tailor-frameworks-${CONFIGURATION}-input-files.xcfilelist",
			);
			name = "[CP] Embed Pods Frameworks";
			outputFileListPaths = (
				"${PODS_ROOT}/Target Support Files/Pods-Tailor/Pods-Tailor-frameworks-${CONFIGURATION}-output-files.xcfilelist",
			);
			runOnlyForDeploymentPostprocessing = 0;
			shellPath = /bin/sh;
			shellScript = "\"${PODS_ROOT}/Target Support Files/Pods-Tailor/Pods-Tailor-frameworks.sh\"\n";
			showEnvVarsInLog = 0;
		};
/* End PBXShellScriptBuildPhase section */

/* Begin PBXSourcesBuildPhase section */
		6B542E882CFDA229007877B6 /* Sources */ = {
			isa = PBXSourcesBuildPhase;
			buildActionMask = 2147483647;
			files = (
				6B542EB72CFDA23A007877B6 /* AppDelegate.swift in Sources */,
				6B83AC6E2CFDAEA90061FB37 /* PortfolioCollectionViewCell.swift in Sources */,
				6B542EC02CFDA83A007877B6 /* MenuViewController.swift in Sources */,
				6B542EB82CFDA23A007877B6 /* SceneDelegate.swift in Sources */,
				6B83AC7B2CFDDDD20061FB37 /* PortfolioFormViewModel.swift in Sources */,
				6B542EB92CFDA23A007877B6 /* Tailor.xcdatamodeld in Sources */,
				6B542EBA2CFDA23A007877B6 /* RootViewController.swift in Sources */,
				6B542ED62CFDA8E5007877B6 /* UIView.swift in Sources */,
				6B542ED72CFDA8E5007877B6 /* ViewController.swift in Sources */,
				6B542ED82CFDA8E5007877B6 /* Font.swift in Sources */,
				6B542ED92CFDA8E5007877B6 /* String.swift in Sources */,
				6B542EDA2CFDA8E5007877B6 /* CheckBoxButton.swift in Sources */,
				6B542EDB2CFDA8E5007877B6 /* PaddingTextField.swift in Sources */,
				6B83AC632CFDADE40061FB37 /* PortfolioViewController.swift in Sources */,
				6B542EDC2CFDA8E5007877B6 /* Double.swift in Sources */,
				6B542EDD2CFDA8E5007877B6 /* Date.swift in Sources */,
				6B83AC782CFDDA0A0061FB37 /* PaddingTextView.swift in Sources */,
				6B542EDE2CFDA8E5007877B6 /* BaseButton.swift in Sources */,
				6B542EDF2CFDA8E5007877B6 /* BaseTextField.swift in Sources */,
				6B542EE02CFDA8E5007877B6 /* UITextField.swift in Sources */,
				6B83AC7E2CFDDE050061FB37 /* CoreDataManager.swift in Sources */,
				6B83AC742CFDD75E0061FB37 /* PortfolioFormViewController.swift in Sources */,
				6B83AC692CFDAE590061FB37 /* PortfolioViewModel.swift in Sources */,
				6B542EE12CFDA8E5007877B6 /* ShadowView.swift in Sources */,
				6B83AC662CFDADFD0061FB37 /* PortfolioModel.swift in Sources */,
				6B542EE22CFDA8E5007877B6 /* NumberTextField.swift in Sources */,
			);
			runOnlyForDeploymentPostprocessing = 0;
		};
/* End PBXSourcesBuildPhase section */

/* Begin PBXVariantGroup section */
		6B542EAB2CFDA23A007877B6 /* LaunchScreen.storyboard */ = {
			isa = PBXVariantGroup;
			children = (
				6B542EAA2CFDA23A007877B6 /* Base */,
			);
			name = LaunchScreen.storyboard;
			sourceTree = "<group>";
		};
		6B542EAD2CFDA23A007877B6 /* Root.storyboard */ = {
			isa = PBXVariantGroup;
			children = (
				6B542EAC2CFDA23A007877B6 /* Base */,
			);
			name = Root.storyboard;
			sourceTree = "<group>";
		};
/* End PBXVariantGroup section */

/* Begin XCBuildConfiguration section */
		6B542EA32CFDA22B007877B6 /* Debug */ = {
			isa = XCBuildConfiguration;
			baseConfigurationReference = F206ED1462E4AFE145A908B0 /* Pods-Tailor.debug.xcconfig */;
			buildSettings = {
				ASSETCATALOG_COMPILER_APPICON_NAME = AppIcon;
				ASSETCATALOG_COMPILER_GLOBAL_ACCENT_COLOR_NAME = AccentColor;
				CODE_SIGN_STYLE = Automatic;
				CURRENT_PROJECT_VERSION = 1;
				DEVELOPMENT_TEAM = 9YUSQBCAX9;
				GENERATE_INFOPLIST_FILE = YES;
				INFOPLIST_FILE = Tailor/Info.plist;
				INFOPLIST_KEY_NSPhotoLibraryUsageDescription = "We need access to your photo library to choose photos.";
				INFOPLIST_KEY_UIApplicationSupportsIndirectInputEvents = YES;
				INFOPLIST_KEY_UILaunchStoryboardName = LaunchScreen;
				INFOPLIST_KEY_UIMainStoryboardFile = Root;
				INFOPLIST_KEY_UISupportedInterfaceOrientations = UIInterfaceOrientationPortrait;
				INFOPLIST_KEY_UISupportedInterfaceOrientations_iPad = "UIInterfaceOrientationLandscapeLeft UIInterfaceOrientationLandscapeRight UIInterfaceOrientationPortrait UIInterfaceOrientationPortraitUpsideDown";
				INFOPLIST_KEY_UIUserInterfaceStyle = Light;
				IPHONEOS_DEPLOYMENT_TARGET = 15.0;
				LD_RUNPATH_SEARCH_PATHS = (
					"$(inherited)",
					"@executable_path/Frameworks",
				);
				MARKETING_VERSION = 1.0;
				PRODUCT_BUNDLE_IDENTIFIER = Karen.Tailor;
				PRODUCT_NAME = "$(TARGET_NAME)";
				SUPPORTED_PLATFORMS = "iphoneos iphonesimulator";
				SUPPORTS_MACCATALYST = NO;
				SWIFT_EMIT_LOC_STRINGS = YES;
				SWIFT_VERSION = 5.0;
				TARGETED_DEVICE_FAMILY = 1;
			};
			name = Debug;
		};
		6B542EA42CFDA22B007877B6 /* Release */ = {
			isa = XCBuildConfiguration;
			baseConfigurationReference = 77F34EDF0ECBA4DE63DBCBEC /* Pods-Tailor.release.xcconfig */;
			buildSettings = {
				ASSETCATALOG_COMPILER_APPICON_NAME = AppIcon;
				ASSETCATALOG_COMPILER_GLOBAL_ACCENT_COLOR_NAME = AccentColor;
				CODE_SIGN_STYLE = Automatic;
				CURRENT_PROJECT_VERSION = 1;
				DEVELOPMENT_TEAM = 9YUSQBCAX9;
				GENERATE_INFOPLIST_FILE = YES;
				INFOPLIST_FILE = Tailor/Info.plist;
				INFOPLIST_KEY_NSPhotoLibraryUsageDescription = "We need access to your photo library to choose photos.";
				INFOPLIST_KEY_UIApplicationSupportsIndirectInputEvents = YES;
				INFOPLIST_KEY_UILaunchStoryboardName = LaunchScreen;
				INFOPLIST_KEY_UIMainStoryboardFile = Root;
				INFOPLIST_KEY_UISupportedInterfaceOrientations = UIInterfaceOrientationPortrait;
				INFOPLIST_KEY_UISupportedInterfaceOrientations_iPad = "UIInterfaceOrientationLandscapeLeft UIInterfaceOrientationLandscapeRight UIInterfaceOrientationPortrait UIInterfaceOrientationPortraitUpsideDown";
				INFOPLIST_KEY_UIUserInterfaceStyle = Light;
				IPHONEOS_DEPLOYMENT_TARGET = 15.0;
				LD_RUNPATH_SEARCH_PATHS = (
					"$(inherited)",
					"@executable_path/Frameworks",
				);
				MARKETING_VERSION = 1.0;
				PRODUCT_BUNDLE_IDENTIFIER = Karen.Tailor;
				PRODUCT_NAME = "$(TARGET_NAME)";
				SUPPORTED_PLATFORMS = "iphoneos iphonesimulator";
				SUPPORTS_MACCATALYST = NO;
				SWIFT_EMIT_LOC_STRINGS = YES;
				SWIFT_VERSION = 5.0;
				TARGETED_DEVICE_FAMILY = 1;
			};
			name = Release;
		};
		6B542EA52CFDA22B007877B6 /* Debug */ = {
			isa = XCBuildConfiguration;
			buildSettings = {
				ALWAYS_SEARCH_USER_PATHS = NO;
				ASSETCATALOG_COMPILER_GENERATE_SWIFT_ASSET_SYMBOL_EXTENSIONS = YES;
				CLANG_ANALYZER_NONNULL = YES;
				CLANG_ANALYZER_NUMBER_OBJECT_CONVERSION = YES_AGGRESSIVE;
				CLANG_CXX_LANGUAGE_STANDARD = "gnu++20";
				CLANG_ENABLE_MODULES = YES;
				CLANG_ENABLE_OBJC_ARC = YES;
				CLANG_ENABLE_OBJC_WEAK = YES;
				CLANG_WARN_BLOCK_CAPTURE_AUTORELEASING = YES;
				CLANG_WARN_BOOL_CONVERSION = YES;
				CLANG_WARN_COMMA = YES;
				CLANG_WARN_CONSTANT_CONVERSION = YES;
				CLANG_WARN_DEPRECATED_OBJC_IMPLEMENTATIONS = YES;
				CLANG_WARN_DIRECT_OBJC_ISA_USAGE = YES_ERROR;
				CLANG_WARN_DOCUMENTATION_COMMENTS = YES;
				CLANG_WARN_EMPTY_BODY = YES;
				CLANG_WARN_ENUM_CONVERSION = YES;
				CLANG_WARN_INFINITE_RECURSION = YES;
				CLANG_WARN_INT_CONVERSION = YES;
				CLANG_WARN_NON_LITERAL_NULL_CONVERSION = YES;
				CLANG_WARN_OBJC_IMPLICIT_RETAIN_SELF = YES;
				CLANG_WARN_OBJC_LITERAL_CONVERSION = YES;
				CLANG_WARN_OBJC_ROOT_CLASS = YES_ERROR;
				CLANG_WARN_QUOTED_INCLUDE_IN_FRAMEWORK_HEADER = YES;
				CLANG_WARN_RANGE_LOOP_ANALYSIS = YES;
				CLANG_WARN_STRICT_PROTOTYPES = YES;
				CLANG_WARN_SUSPICIOUS_MOVE = YES;
				CLANG_WARN_UNGUARDED_AVAILABILITY = YES_AGGRESSIVE;
				CLANG_WARN_UNREACHABLE_CODE = YES;
				CLANG_WARN__DUPLICATE_METHOD_MATCH = YES;
				COPY_PHASE_STRIP = NO;
				DEBUG_INFORMATION_FORMAT = dwarf;
				ENABLE_STRICT_OBJC_MSGSEND = YES;
				ENABLE_TESTABILITY = YES;
				ENABLE_USER_SCRIPT_SANDBOXING = NO;
				GCC_C_LANGUAGE_STANDARD = gnu17;
				GCC_DYNAMIC_NO_PIC = NO;
				GCC_NO_COMMON_BLOCKS = YES;
				GCC_OPTIMIZATION_LEVEL = 0;
				GCC_PREPROCESSOR_DEFINITIONS = (
					"DEBUG=1",
					"$(inherited)",
				);
				GCC_WARN_64_TO_32_BIT_CONVERSION = YES;
				GCC_WARN_ABOUT_RETURN_TYPE = YES_ERROR;
				GCC_WARN_UNDECLARED_SELECTOR = YES;
				GCC_WARN_UNINITIALIZED_AUTOS = YES_AGGRESSIVE;
				GCC_WARN_UNUSED_FUNCTION = YES;
				GCC_WARN_UNUSED_VARIABLE = YES;
				IPHONEOS_DEPLOYMENT_TARGET = 18.1;
				LOCALIZATION_PREFERS_STRING_CATALOGS = YES;
				MTL_ENABLE_DEBUG_INFO = INCLUDE_SOURCE;
				MTL_FAST_MATH = YES;
				ONLY_ACTIVE_ARCH = YES;
				SDKROOT = iphoneos;
				SWIFT_ACTIVE_COMPILATION_CONDITIONS = "DEBUG $(inherited)";
				SWIFT_OPTIMIZATION_LEVEL = "-Onone";
			};
			name = Debug;
		};
		6B542EA62CFDA22B007877B6 /* Release */ = {
			isa = XCBuildConfiguration;
			buildSettings = {
				ALWAYS_SEARCH_USER_PATHS = NO;
				ASSETCATALOG_COMPILER_GENERATE_SWIFT_ASSET_SYMBOL_EXTENSIONS = YES;
				CLANG_ANALYZER_NONNULL = YES;
				CLANG_ANALYZER_NUMBER_OBJECT_CONVERSION = YES_AGGRESSIVE;
				CLANG_CXX_LANGUAGE_STANDARD = "gnu++20";
				CLANG_ENABLE_MODULES = YES;
				CLANG_ENABLE_OBJC_ARC = YES;
				CLANG_ENABLE_OBJC_WEAK = YES;
				CLANG_WARN_BLOCK_CAPTURE_AUTORELEASING = YES;
				CLANG_WARN_BOOL_CONVERSION = YES;
				CLANG_WARN_COMMA = YES;
				CLANG_WARN_CONSTANT_CONVERSION = YES;
				CLANG_WARN_DEPRECATED_OBJC_IMPLEMENTATIONS = YES;
				CLANG_WARN_DIRECT_OBJC_ISA_USAGE = YES_ERROR;
				CLANG_WARN_DOCUMENTATION_COMMENTS = YES;
				CLANG_WARN_EMPTY_BODY = YES;
				CLANG_WARN_ENUM_CONVERSION = YES;
				CLANG_WARN_INFINITE_RECURSION = YES;
				CLANG_WARN_INT_CONVERSION = YES;
				CLANG_WARN_NON_LITERAL_NULL_CONVERSION = YES;
				CLANG_WARN_OBJC_IMPLICIT_RETAIN_SELF = YES;
				CLANG_WARN_OBJC_LITERAL_CONVERSION = YES;
				CLANG_WARN_OBJC_ROOT_CLASS = YES_ERROR;
				CLANG_WARN_QUOTED_INCLUDE_IN_FRAMEWORK_HEADER = YES;
				CLANG_WARN_RANGE_LOOP_ANALYSIS = YES;
				CLANG_WARN_STRICT_PROTOTYPES = YES;
				CLANG_WARN_SUSPICIOUS_MOVE = YES;
				CLANG_WARN_UNGUARDED_AVAILABILITY = YES_AGGRESSIVE;
				CLANG_WARN_UNREACHABLE_CODE = YES;
				CLANG_WARN__DUPLICATE_METHOD_MATCH = YES;
				COPY_PHASE_STRIP = NO;
				DEBUG_INFORMATION_FORMAT = "dwarf-with-dsym";
				ENABLE_NS_ASSERTIONS = NO;
				ENABLE_STRICT_OBJC_MSGSEND = YES;
				ENABLE_USER_SCRIPT_SANDBOXING = NO;
				GCC_C_LANGUAGE_STANDARD = gnu17;
				GCC_NO_COMMON_BLOCKS = YES;
				GCC_WARN_64_TO_32_BIT_CONVERSION = YES;
				GCC_WARN_ABOUT_RETURN_TYPE = YES_ERROR;
				GCC_WARN_UNDECLARED_SELECTOR = YES;
				GCC_WARN_UNINITIALIZED_AUTOS = YES_AGGRESSIVE;
				GCC_WARN_UNUSED_FUNCTION = YES;
				GCC_WARN_UNUSED_VARIABLE = YES;
				IPHONEOS_DEPLOYMENT_TARGET = 18.1;
				LOCALIZATION_PREFERS_STRING_CATALOGS = YES;
				MTL_ENABLE_DEBUG_INFO = NO;
				MTL_FAST_MATH = YES;
				SDKROOT = iphoneos;
				SWIFT_COMPILATION_MODE = wholemodule;
				VALIDATE_PRODUCT = YES;
			};
			name = Release;
		};
/* End XCBuildConfiguration section */

/* Begin XCConfigurationList section */
		6B542E872CFDA229007877B6 /* Build configuration list for PBXProject "Tailor" */ = {
			isa = XCConfigurationList;
			buildConfigurations = (
				6B542EA52CFDA22B007877B6 /* Debug */,
				6B542EA62CFDA22B007877B6 /* Release */,
			);
			defaultConfigurationIsVisible = 0;
			defaultConfigurationName = Release;
		};
		6B542EA22CFDA22B007877B6 /* Build configuration list for PBXNativeTarget "Tailor" */ = {
			isa = XCConfigurationList;
			buildConfigurations = (
				6B542EA32CFDA22B007877B6 /* Debug */,
				6B542EA42CFDA22B007877B6 /* Release */,
			);
			defaultConfigurationIsVisible = 0;
			defaultConfigurationName = Release;
		};
/* End XCConfigurationList section */

/* Begin XCVersionGroup section */
		6B542EAF2CFDA23A007877B6 /* Tailor.xcdatamodeld */ = {
			isa = XCVersionGroup;
			children = (
				6B542EB22CFDA23A007877B6 /* Tailor.xcdatamodel */,
			);
			currentVersion = 6B542EB22CFDA23A007877B6 /* Tailor.xcdatamodel */;
			path = Tailor.xcdatamodeld;
			sourceTree = "<group>";
			versionGroupType = wrapper.xcdatamodel;
		};
/* End XCVersionGroup section */
	};
	rootObject = 6B542E842CFDA229007877B6 /* Project object */;
}
